
Microsoft Visual Studio Solution File, Format Version 12.00
# Visual Studio Version 17
VisualStudioVersion = 17.9.34728.123
MinimumVisualStudioVersion = 10.0.40219.1
Project("{FAE04EC0-301F-11D3-BF4B-00C04F79EFBC}") = "Summative Space Race", "Summative Space Race\Summative Space Race.csproj", "{3E0E56F6-6858-4833-A4C9-F0A4A560593B}"
EndProject
Global
	GlobalSection(SolutionConfigurationPlatforms) = preSolution
		Debug|Any CPU = Debug|Any CPU
		Release|Any CPU = Release|Any CPU
	EndGlobalSection
	GlobalSection(ProjectConfigurationPlatforms) = postSolution
		{3E0E56F6-6858-4833-A4C9-F0A4A560593B}.Debug|Any CPU.ActiveCfg = Debug|Any CPU
		{3E0E56F6-6858-4833-A4C9-F0A4A560593B}.Debug|Any CPU.Build.0 = Debug|Any CPU
		{3E0E56F6-6858-4833-A4C9-F0A4A560593B}.Release|Any CPU.ActiveCfg = Release|Any CPU
		{3E0E56F6-6858-4833-A4C9-F0A4A560593B}.Release|Any CPU.Build.0 = Release|Any CPU
	EndGlobalSection
	GlobalSection(SolutionProperties) = preSolution
		HideSolutionNode = FALSE
	EndGlobalSection
	GlobalSection(ExtensibilityGlobals) = postSolution
		SolutionGuid = {3A899D33-F92B-4932-A525-BA4C2DEA40F9}
	EndGlobalSection
EndGlobal
